hash: 58c71e9a24140595b0aff62e5268d568f26a4335e8a489bbdcb345d689509daf
updated: 2016-10-22T17:17:21.6980313-05:00
imports:
- name: github.com/iovxw/downloader
  version: 7dbe69ca55136710b47bb96503e4c03008c72b30
- name: github.com/lxn/walk
  version: 765f1657380e994529d22000a97b046bba4f3291
  subpackages:
  - declarative
- name: github.com/lxn/win
  version: 8855eceee83ca086d647feb3d359a1d2ab6c7ccf
- name: golang.org/x/net
  version: f11d7120b19ae21da5715f3e47621736de1b1da9
  subpackages:
  - html
  - html/atom
- name: golang.org/x/sys
  version: 8f0908ab3b2457e2e15403d3697c9ef5cb4b57a9
  subpackages:
  - windows/registry
  - windows
testImports: []
